
Microsoft Visual Studio Solution File, Format Version 12.00
# Visual Studio Version 16
VisualStudioVersion = 16.0.31205.134
MinimumVisualStudioVersion = 10.0.40219.1
Project("{9A19103F-16F7-4668-BE54-9A1E7A4F7556}") = "JonasHendrickx.Shop.Api", "JonasHendrickx.Shop.Api\JonasHendrickx.Shop.Api.csproj", "{C2049A5C-E8BC-486F-BB95-88200FAA75C5}"
EndProject
Project("{9A19103F-16F7-4668-BE54-9A1E7A4F7556}") = "JonasHendrickx.Shop.Api.Contracts", "JonasHendrickx.Shop.Api.Contracts\JonasHendrickx.Shop.Api.Contracts.csproj", "{D715DE7C-2284-4269-9236-4D82BE92FD4E}"
EndProject
Project("{2150E333-8FDC-42A3-9474-1A3956D46DE8}") = "1 - Web", "1 - Web", "{1FCB6637-1AF5-48B3-AB99-3A50B3B83458}"
EndProject
Project("{2150E333-8FDC-42A3-9474-1A3956D46DE8}") = "2 - Business", "2 - Business", "{1776CFD6-E1BB-4A6C-A57E-A6A165874EB1}"
EndProject
Project("{9A19103F-16F7-4668-BE54-9A1E7A4F7556}") = "JonasHendrickx.Shop.Contracts", "JonasHendrickx.Shop.Contracts\JonasHendrickx.Shop.Contracts.csproj", "{1DEA69D0-CA60-4C47-B47C-20FCAC88505A}"
EndProject
Project("{9A19103F-16F7-4668-BE54-9A1E7A4F7556}") = "JonasHendrickx.Shop.Services", "JonasHendrickx.Shop.Services\JonasHendrickx.Shop.Services.csproj", "{CA01AB85-9AAE-4BB3-BB23-3CB83908D95C}"
EndProject
Project("{2150E333-8FDC-42A3-9474-1A3956D46DE8}") = "3 - Database", "3 - Database", "{95E465A2-FF1B-44FF-9C67-37331F2E0BFE}"
EndProject
Project("{9A19103F-16F7-4668-BE54-9A1E7A4F7556}") = "JonasHendrickx.Shop.Models", "JonasHendrickx.Shop.Models\JonasHendrickx.Shop.Models.csproj", "{7FA1E501-55E7-4182-867F-1B73F16DE898}"
EndProject
Project("{9A19103F-16F7-4668-BE54-9A1E7A4F7556}") = "JonasHendrickx.Shop.DataContext", "JonasHendrickx.Shop.DataContext\JonasHendrickx.Shop.DataContext.csproj", "{940F252C-0EDE-43E8-9A61-DFA7E6927EF8}"
EndProject
Project("{9A19103F-16F7-4668-BE54-9A1E7A4F7556}") = "JonasHendrickx.Shop.Services.Tests", "JonasHendrickx.Shop.Services.Tests\JonasHendrickx.Shop.Services.Tests.csproj", "{0C1A6D5D-EF4C-4015-BE33-54369A888FAC}"
EndProject
Project("{9A19103F-16F7-4668-BE54-9A1E7A4F7556}") = "JonasHendrickx.Shop.Api.Tests", "JonasHendrickx.Shop.Api.Tests\JonasHendrickx.Shop.Api.Tests.csproj", "{F0EF137A-55A1-4637-A1B9-6E2382E1AB2F}"
EndProject
Project("{9A19103F-16F7-4668-BE54-9A1E7A4F7556}") = "JonasHendrickx.Shop.Infrastructure", "JonasHendrickx.Shop.Infrastructure\JonasHendrickx.Shop.Infrastructure.csproj", "{0D41B2D5-08B4-4815-BC31-3B851746A1A3}"
EndProject
Project("{FAE04EC0-301F-11D3-BF4B-00C04F79EFBC}") = "JonasHendrickx.Shop.Api.IntegrationTests", "JonasHendrickx.Shop.Api.IntegrationTests\JonasHendrickx.Shop.Api.IntegrationTests.csproj", "{DA2732ED-B22B-494A-984D-E840BED35663}"
EndProject
Global
	GlobalSection(SolutionConfigurationPlatforms) = preSolution
		Debug|Any CPU = Debug|Any CPU
		Release|Any CPU = Release|Any CPU
	EndGlobalSection
	GlobalSection(ProjectConfigurationPlatforms) = postSolution
		{C2049A5C-E8BC-486F-BB95-88200FAA75C5}.Debug|Any CPU.ActiveCfg = Debug|Any CPU
		{C2049A5C-E8BC-486F-BB95-88200FAA75C5}.Debug|Any CPU.Build.0 = Debug|Any CPU
		{C2049A5C-E8BC-486F-BB95-88200FAA75C5}.Release|Any CPU.ActiveCfg = Release|Any CPU
		{C2049A5C-E8BC-486F-BB95-88200FAA75C5}.Release|Any CPU.Build.0 = Release|Any CPU
		{D715DE7C-2284-4269-9236-4D82BE92FD4E}.Debug|Any CPU.ActiveCfg = Debug|Any CPU
		{D715DE7C-2284-4269-9236-4D82BE92FD4E}.Debug|Any CPU.Build.0 = Debug|Any CPU
		{D715DE7C-2284-4269-9236-4D82BE92FD4E}.Release|Any CPU.ActiveCfg = Release|Any CPU
		{D715DE7C-2284-4269-9236-4D82BE92FD4E}.Release|Any CPU.Build.0 = Release|Any CPU
		{1DEA69D0-CA60-4C47-B47C-20FCAC88505A}.Debug|Any CPU.ActiveCfg = Debug|Any CPU
		{1DEA69D0-CA60-4C47-B47C-20FCAC88505A}.Debug|Any CPU.Build.0 = Debug|Any CPU
		{1DEA69D0-CA60-4C47-B47C-20FCAC88505A}.Release|Any CPU.ActiveCfg = Release|Any CPU
		{1DEA69D0-CA60-4C47-B47C-20FCAC88505A}.Release|Any CPU.Build.0 = Release|Any CPU
		{CA01AB85-9AAE-4BB3-BB23-3CB83908D95C}.Debug|Any CPU.ActiveCfg = Debug|Any CPU
		{CA01AB85-9AAE-4BB3-BB23-3CB83908D95C}.Debug|Any CPU.Build.0 = Debug|Any CPU
		{CA01AB85-9AAE-4BB3-BB23-3CB83908D95C}.Release|Any CPU.ActiveCfg = Release|Any CPU
		{CA01AB85-9AAE-4BB3-BB23-3CB83908D95C}.Release|Any CPU.Build.0 = Release|Any CPU
		{7FA1E501-55E7-4182-867F-1B73F16DE898}.Debug|Any CPU.ActiveCfg = Debug|Any CPU
		{7FA1E501-55E7-4182-867F-1B73F16DE898}.Debug|Any CPU.Build.0 = Debug|Any CPU
		{7FA1E501-55E7-4182-867F-1B73F16DE898}.Release|Any CPU.ActiveCfg = Release|Any CPU
		{7FA1E501-55E7-4182-867F-1B73F16DE898}.Release|Any CPU.Build.0 = Release|Any CPU
		{940F252C-0EDE-43E8-9A61-DFA7E6927EF8}.Debug|Any CPU.ActiveCfg = Debug|Any CPU
		{940F252C-0EDE-43E8-9A61-DFA7E6927EF8}.Debug|Any CPU.Build.0 = Debug|Any CPU
		{940F252C-0EDE-43E8-9A61-DFA7E6927EF8}.Release|Any CPU.ActiveCfg = Release|Any CPU
		{940F252C-0EDE-43E8-9A61-DFA7E6927EF8}.Release|Any CPU.Build.0 = Release|Any CPU
		{0C1A6D5D-EF4C-4015-BE33-54369A888FAC}.Debug|Any CPU.ActiveCfg = Debug|Any CPU
		{0C1A6D5D-EF4C-4015-BE33-54369A888FAC}.Debug|Any CPU.Build.0 = Debug|Any CPU
		{0C1A6D5D-EF4C-4015-BE33-54369A888FAC}.Release|Any CPU.ActiveCfg = Release|Any CPU
		{0C1A6D5D-EF4C-4015-BE33-54369A888FAC}.Release|Any CPU.Build.0 = Release|Any CPU
		{F0EF137A-55A1-4637-A1B9-6E2382E1AB2F}.Debug|Any CPU.ActiveCfg = Debug|Any CPU
		{F0EF137A-55A1-4637-A1B9-6E2382E1AB2F}.Debug|Any CPU.Build.0 = Debug|Any CPU
		{F0EF137A-55A1-4637-A1B9-6E2382E1AB2F}.Release|Any CPU.ActiveCfg = Release|Any CPU
		{F0EF137A-55A1-4637-A1B9-6E2382E1AB2F}.Release|Any CPU.Build.0 = Release|Any CPU
		{0D41B2D5-08B4-4815-BC31-3B851746A1A3}.Debug|Any CPU.ActiveCfg = Debug|Any CPU
		{0D41B2D5-08B4-4815-BC31-3B851746A1A3}.Debug|Any CPU.Build.0 = Debug|Any CPU
		{0D41B2D5-08B4-4815-BC31-3B851746A1A3}.Release|Any CPU.ActiveCfg = Release|Any CPU
		{0D41B2D5-08B4-4815-BC31-3B851746A1A3}.Release|Any CPU.Build.0 = Release|Any CPU
		{DA2732ED-B22B-494A-984D-E840BED35663}.Debug|Any CPU.ActiveCfg = Debug|Any CPU
		{DA2732ED-B22B-494A-984D-E840BED35663}.Debug|Any CPU.Build.0 = Debug|Any CPU
		{DA2732ED-B22B-494A-984D-E840BED35663}.Release|Any CPU.ActiveCfg = Release|Any CPU
		{DA2732ED-B22B-494A-984D-E840BED35663}.Release|Any CPU.Build.0 = Release|Any CPU
	EndGlobalSection
	GlobalSection(SolutionProperties) = preSolution
		HideSolutionNode = FALSE
	EndGlobalSection
	GlobalSection(NestedProjects) = preSolution
		{C2049A5C-E8BC-486F-BB95-88200FAA75C5} = {1FCB6637-1AF5-48B3-AB99-3A50B3B83458}
		{D715DE7C-2284-4269-9236-4D82BE92FD4E} = {1FCB6637-1AF5-48B3-AB99-3A50B3B83458}
		{1DEA69D0-CA60-4C47-B47C-20FCAC88505A} = {1776CFD6-E1BB-4A6C-A57E-A6A165874EB1}
		{CA01AB85-9AAE-4BB3-BB23-3CB83908D95C} = {1776CFD6-E1BB-4A6C-A57E-A6A165874EB1}
		{7FA1E501-55E7-4182-867F-1B73F16DE898} = {95E465A2-FF1B-44FF-9C67-37331F2E0BFE}
		{940F252C-0EDE-43E8-9A61-DFA7E6927EF8} = {95E465A2-FF1B-44FF-9C67-37331F2E0BFE}
		{0C1A6D5D-EF4C-4015-BE33-54369A888FAC} = {1776CFD6-E1BB-4A6C-A57E-A6A165874EB1}
		{F0EF137A-55A1-4637-A1B9-6E2382E1AB2F} = {1FCB6637-1AF5-48B3-AB99-3A50B3B83458}
		{0D41B2D5-08B4-4815-BC31-3B851746A1A3} = {95E465A2-FF1B-44FF-9C67-37331F2E0BFE}
		{DA2732ED-B22B-494A-984D-E840BED35663} = {1FCB6637-1AF5-48B3-AB99-3A50B3B83458}
	EndGlobalSection
	GlobalSection(ExtensibilityGlobals) = postSolution
		SolutionGuid = {1DBAF837-4797-4B5E-925D-2892DDD333D2}
	EndGlobalSection
EndGlobal
